
Microsoft Visual Studio Solution File, Format Version 12.00
# Visual Studio Version 17
VisualStudioVersion = 17.0.32112.339
MinimumVisualStudioVersion = 10.0.40219.1
Project("{2150E333-8FDC-42A3-9474-1A3956D46DE8}") = "Tools", "Tools", "{27D5C589-2DA1-46E1-B3B1-ADE98D2F226C}"
EndProject
Project("{9A19103F-16F7-4668-BE54-9A1E7A4F7556}") = "AssetsBundler", "AssetsBundler\AssetsBundler.csproj", "{892F0752-421A-4417-8942-B81CB6DF9C88}"
EndProject
Project("{9A19103F-16F7-4668-BE54-9A1E7A4F7556}") = "App", "App\App.csproj", "{016EB31C-712A-4F99-A636-44FEC29A7D65}"
EndProject
Project("{9A19103F-16F7-4668-BE54-9A1E7A4F7556}") = "VoxelEngine.Core", "VoxelEngine.Core\VoxelEngine.Core.csproj", "{352CED35-906B-4102-A7D6-6E8306693DDA}"
EndProject
Project("{9A19103F-16F7-4668-BE54-9A1E7A4F7556}") = "VoxelEngine", "VoxelEngine\VoxelEngine.csproj", "{2857CF1B-4CAC-4ADA-8C57-C25B54710A5E}"
EndProject
Global
	GlobalSection(SolutionConfigurationPlatforms) = preSolution
		Debug|Any CPU = Debug|Any CPU
		Debug|x64 = Debug|x64
		Debug|x86 = Debug|x86
		Release|Any CPU = Release|Any CPU
		Release|x64 = Release|x64
		Release|x86 = Release|x86
		ReleaseStrip|Any CPU = ReleaseStrip|Any CPU
		ReleaseStrip|x64 = ReleaseStrip|x64
		ReleaseStrip|x86 = ReleaseStrip|x86
		ReleaseStripNoProfiling|Any CPU = ReleaseStripNoProfiling|Any CPU
		ReleaseStripNoProfiling|x64 = ReleaseStripNoProfiling|x64
		ReleaseStripNoProfiling|x86 = ReleaseStripNoProfiling|x86
	EndGlobalSection
	GlobalSection(ProjectConfigurationPlatforms) = postSolution
		{892F0752-421A-4417-8942-B81CB6DF9C88}.Debug|Any CPU.ActiveCfg = Debug|Any CPU
		{892F0752-421A-4417-8942-B81CB6DF9C88}.Debug|Any CPU.Build.0 = Debug|Any CPU
		{892F0752-421A-4417-8942-B81CB6DF9C88}.Debug|x64.ActiveCfg = Debug|x64
		{892F0752-421A-4417-8942-B81CB6DF9C88}.Debug|x64.Build.0 = Debug|x64
		{892F0752-421A-4417-8942-B81CB6DF9C88}.Debug|x86.ActiveCfg = Debug|Any CPU
		{892F0752-421A-4417-8942-B81CB6DF9C88}.Debug|x86.Build.0 = Debug|Any CPU
		{892F0752-421A-4417-8942-B81CB6DF9C88}.Release|Any CPU.ActiveCfg = Release|Any CPU
		{892F0752-421A-4417-8942-B81CB6DF9C88}.Release|Any CPU.Build.0 = Release|Any CPU
		{892F0752-421A-4417-8942-B81CB6DF9C88}.Release|x64.ActiveCfg = Release|x64
		{892F0752-421A-4417-8942-B81CB6DF9C88}.Release|x64.Build.0 = Release|x64
		{892F0752-421A-4417-8942-B81CB6DF9C88}.Release|x86.ActiveCfg = Release|Any CPU
		{892F0752-421A-4417-8942-B81CB6DF9C88}.Release|x86.Build.0 = Release|Any CPU
		{892F0752-421A-4417-8942-B81CB6DF9C88}.ReleaseStrip|Any CPU.ActiveCfg = Release|Any CPU
		{892F0752-421A-4417-8942-B81CB6DF9C88}.ReleaseStrip|Any CPU.Build.0 = Release|Any CPU
		{892F0752-421A-4417-8942-B81CB6DF9C88}.ReleaseStrip|x64.ActiveCfg = Release|Any CPU
		{892F0752-421A-4417-8942-B81CB6DF9C88}.ReleaseStrip|x64.Build.0 = Release|Any CPU
		{892F0752-421A-4417-8942-B81CB6DF9C88}.ReleaseStrip|x86.ActiveCfg = Release|Any CPU
		{892F0752-421A-4417-8942-B81CB6DF9C88}.ReleaseStrip|x86.Build.0 = Release|Any CPU
		{892F0752-421A-4417-8942-B81CB6DF9C88}.ReleaseStripNoProfiling|Any CPU.ActiveCfg = Release|Any CPU
		{892F0752-421A-4417-8942-B81CB6DF9C88}.ReleaseStripNoProfiling|Any CPU.Build.0 = Release|Any CPU
		{892F0752-421A-4417-8942-B81CB6DF9C88}.ReleaseStripNoProfiling|x64.ActiveCfg = Release|Any CPU
		{892F0752-421A-4417-8942-B81CB6DF9C88}.ReleaseStripNoProfiling|x64.Build.0 = Release|Any CPU
		{892F0752-421A-4417-8942-B81CB6DF9C88}.ReleaseStripNoProfiling|x86.ActiveCfg = Release|Any CPU
		{892F0752-421A-4417-8942-B81CB6DF9C88}.ReleaseStripNoProfiling|x86.Build.0 = Release|Any CPU
		{016EB31C-712A-4F99-A636-44FEC29A7D65}.Debug|Any CPU.ActiveCfg = Debug|x64
		{016EB31C-712A-4F99-A636-44FEC29A7D65}.Debug|Any CPU.Build.0 = Debug|x64
		{016EB31C-712A-4F99-A636-44FEC29A7D65}.Debug|x64.ActiveCfg = Debug|x64
		{016EB31C-712A-4F99-A636-44FEC29A7D65}.Debug|x64.Build.0 = Debug|x64
		{016EB31C-712A-4F99-A636-44FEC29A7D65}.Debug|x86.ActiveCfg = Debug|x64
		{016EB31C-712A-4F99-A636-44FEC29A7D65}.Debug|x86.Build.0 = Debug|x64
		{016EB31C-712A-4F99-A636-44FEC29A7D65}.Release|Any CPU.ActiveCfg = Release|x64
		{016EB31C-712A-4F99-A636-44FEC29A7D65}.Release|Any CPU.Build.0 = Release|x64
		{016EB31C-712A-4F99-A636-44FEC29A7D65}.Release|x64.ActiveCfg = Release|x64
		{016EB31C-712A-4F99-A636-44FEC29A7D65}.Release|x64.Build.0 = Release|x64
		{016EB31C-712A-4F99-A636-44FEC29A7D65}.Release|x86.ActiveCfg = Release|x64
		{016EB31C-712A-4F99-A636-44FEC29A7D65}.Release|x86.Build.0 = Release|x64
		{016EB31C-712A-4F99-A636-44FEC29A7D65}.ReleaseStrip|Any CPU.ActiveCfg = Release|x64
		{016EB31C-712A-4F99-A636-44FEC29A7D65}.ReleaseStrip|Any CPU.Build.0 = Release|x64
		{016EB31C-712A-4F99-A636-44FEC29A7D65}.ReleaseStrip|x64.ActiveCfg = Release|x64
		{016EB31C-712A-4F99-A636-44FEC29A7D65}.ReleaseStrip|x64.Build.0 = Release|x64
		{016EB31C-712A-4F99-A636-44FEC29A7D65}.ReleaseStrip|x86.ActiveCfg = Release|x64
		{016EB31C-712A-4F99-A636-44FEC29A7D65}.ReleaseStrip|x86.Build.0 = Release|x64
		{016EB31C-712A-4F99-A636-44FEC29A7D65}.ReleaseStripNoProfiling|Any CPU.ActiveCfg = Release|x64
		{016EB31C-712A-4F99-A636-44FEC29A7D65}.ReleaseStripNoProfiling|Any CPU.Build.0 = Release|x64
		{016EB31C-712A-4F99-A636-44FEC29A7D65}.ReleaseStripNoProfiling|x64.ActiveCfg = Release|x64
		{016EB31C-712A-4F99-A636-44FEC29A7D65}.ReleaseStripNoProfiling|x64.Build.0 = Release|x64
		{016EB31C-712A-4F99-A636-44FEC29A7D65}.ReleaseStripNoProfiling|x86.ActiveCfg = Release|x64
		{016EB31C-712A-4F99-A636-44FEC29A7D65}.ReleaseStripNoProfiling|x86.Build.0 = Release|x64
		{352CED35-906B-4102-A7D6-6E8306693DDA}.Debug|Any CPU.ActiveCfg = Debug|x64
		{352CED35-906B-4102-A7D6-6E8306693DDA}.Debug|Any CPU.Build.0 = Debug|x64
		{352CED35-906B-4102-A7D6-6E8306693DDA}.Debug|x64.ActiveCfg = Debug|x64
		{352CED35-906B-4102-A7D6-6E8306693DDA}.Debug|x64.Build.0 = Debug|x64
		{352CED35-906B-4102-A7D6-6E8306693DDA}.Debug|x86.ActiveCfg = Debug|Any CPU
		{352CED35-906B-4102-A7D6-6E8306693DDA}.Debug|x86.Build.0 = Debug|Any CPU
		{352CED35-906B-4102-A7D6-6E8306693DDA}.Release|Any CPU.ActiveCfg = Release|x64
		{352CED35-906B-4102-A7D6-6E8306693DDA}.Release|Any CPU.Build.0 = Release|x64
		{352CED35-906B-4102-A7D6-6E8306693DDA}.Release|x64.ActiveCfg = Release|x64
		{352CED35-906B-4102-A7D6-6E8306693DDA}.Release|x64.Build.0 = Release|x64
		{352CED35-906B-4102-A7D6-6E8306693DDA}.Release|x86.ActiveCfg = Release|Any CPU
		{352CED35-906B-4102-A7D6-6E8306693DDA}.Release|x86.Build.0 = Release|Any CPU
		{352CED35-906B-4102-A7D6-6E8306693DDA}.ReleaseStrip|Any CPU.ActiveCfg = Release|Any CPU
		{352CED35-906B-4102-A7D6-6E8306693DDA}.ReleaseStrip|Any CPU.Build.0 = Release|Any CPU
		{352CED35-906B-4102-A7D6-6E8306693DDA}.ReleaseStrip|x64.ActiveCfg = Release|x64
		{352CED35-906B-4102-A7D6-6E8306693DDA}.ReleaseStrip|x64.Build.0 = Release|x64
		{352CED35-906B-4102-A7D6-6E8306693DDA}.ReleaseStrip|x86.ActiveCfg = Release|Any CPU
		{352CED35-906B-4102-A7D6-6E8306693DDA}.ReleaseStrip|x86.Build.0 = Release|Any CPU
		{352CED35-906B-4102-A7D6-6E8306693DDA}.ReleaseStripNoProfiling|Any CPU.ActiveCfg = Release|Any CPU
		{352CED35-906B-4102-A7D6-6E8306693DDA}.ReleaseStripNoProfiling|Any CPU.Build.0 = Release|Any CPU
		{352CED35-906B-4102-A7D6-6E8306693DDA}.ReleaseStripNoProfiling|x64.ActiveCfg = Release|x64
		{352CED35-906B-4102-A7D6-6E8306693DDA}.ReleaseStripNoProfiling|x64.Build.0 = Release|x64
		{352CED35-906B-4102-A7D6-6E8306693DDA}.ReleaseStripNoProfiling|x86.ActiveCfg = Release|Any CPU
		{352CED35-906B-4102-A7D6-6E8306693DDA}.ReleaseStripNoProfiling|x86.Build.0 = Release|Any CPU
		{2857CF1B-4CAC-4ADA-8C57-C25B54710A5E}.Debug|Any CPU.ActiveCfg = Debug|x64
		{2857CF1B-4CAC-4ADA-8C57-C25B54710A5E}.Debug|Any CPU.Build.0 = Debug|x64
		{2857CF1B-4CAC-4ADA-8C57-C25B54710A5E}.Debug|x64.ActiveCfg = Debug|x64
		{2857CF1B-4CAC-4ADA-8C57-C25B54710A5E}.Debug|x64.Build.0 = Debug|x64
		{2857CF1B-4CAC-4ADA-8C57-C25B54710A5E}.Debug|x86.ActiveCfg = Debug|x64
		{2857CF1B-4CAC-4ADA-8C57-C25B54710A5E}.Debug|x86.Build.0 = Debug|x64
		{2857CF1B-4CAC-4ADA-8C57-C25B54710A5E}.Release|Any CPU.ActiveCfg = Release|x64
		{2857CF1B-4CAC-4ADA-8C57-C25B54710A5E}.Release|Any CPU.Build.0 = Release|x64
		{2857CF1B-4CAC-4ADA-8C57-C25B54710A5E}.Release|x64.ActiveCfg = Release|x64
		{2857CF1B-4CAC-4ADA-8C57-C25B54710A5E}.Release|x64.Build.0 = Release|x64
		{2857CF1B-4CAC-4ADA-8C57-C25B54710A5E}.Release|x86.ActiveCfg = Release|x64
		{2857CF1B-4CAC-4ADA-8C57-C25B54710A5E}.Release|x86.Build.0 = Release|x64
		{2857CF1B-4CAC-4ADA-8C57-C25B54710A5E}.ReleaseStrip|Any CPU.ActiveCfg = Release|x64
		{2857CF1B-4CAC-4ADA-8C57-C25B54710A5E}.ReleaseStrip|Any CPU.Build.0 = Release|x64
		{2857CF1B-4CAC-4ADA-8C57-C25B54710A5E}.ReleaseStrip|x64.ActiveCfg = Release|x64
		{2857CF1B-4CAC-4ADA-8C57-C25B54710A5E}.ReleaseStrip|x64.Build.0 = Release|x64
		{2857CF1B-4CAC-4ADA-8C57-C25B54710A5E}.ReleaseStrip|x86.ActiveCfg = Release|x64
		{2857CF1B-4CAC-4ADA-8C57-C25B54710A5E}.ReleaseStrip|x86.Build.0 = Release|x64
		{2857CF1B-4CAC-4ADA-8C57-C25B54710A5E}.ReleaseStripNoProfiling|Any CPU.ActiveCfg = Release|x64
		{2857CF1B-4CAC-4ADA-8C57-C25B54710A5E}.ReleaseStripNoProfiling|Any CPU.Build.0 = Release|x64
		{2857CF1B-4CAC-4ADA-8C57-C25B54710A5E}.ReleaseStripNoProfiling|x64.ActiveCfg = Release|x64
		{2857CF1B-4CAC-4ADA-8C57-C25B54710A5E}.ReleaseStripNoProfiling|x64.Build.0 = Release|x64
		{2857CF1B-4CAC-4ADA-8C57-C25B54710A5E}.ReleaseStripNoProfiling|x86.ActiveCfg = Release|x64
		{2857CF1B-4CAC-4ADA-8C57-C25B54710A5E}.ReleaseStripNoProfiling|x86.Build.0 = Release|x64
	EndGlobalSection
	GlobalSection(SolutionProperties) = preSolution
		HideSolutionNode = FALSE
	EndGlobalSection
	GlobalSection(NestedProjects) = preSolution
		{892F0752-421A-4417-8942-B81CB6DF9C88} = {27D5C589-2DA1-46E1-B3B1-ADE98D2F226C}
	EndGlobalSection
	GlobalSection(ExtensibilityGlobals) = postSolution
		SolutionGuid = {971448B7-B149-48BD-9BDF-12039F8D5024}
	EndGlobalSection
EndGlobal
