
Microsoft Visual Studio Solution File, Format Version 12.00
# Visual Studio Version 17
VisualStudioVersion = 17.0.32112.339
MinimumVisualStudioVersion = 10.0.40219.1
Project("{2150E333-8FDC-42A3-9474-1A3956D46DE8}") = "Tools", "Tools", "{27D5C589-2DA1-46E1-B3B1-ADE98D2F226C}"
EndProject
Project("{9A19103F-16F7-4668-BE54-9A1E7A4F7556}") = "AssetsBundler", "AssetsBundler\AssetsBundler.csproj", "{892F0752-421A-4417-8942-B81CB6DF9C88}"
EndProject
Project("{FAE04EC0-301F-11D3-BF4B-00C04F79EFBC}") = "VoxelEngine.Core", "VoxelEngine.Core\VoxelEngine.Core.csproj", "{A0C448F2-6214-4FE5-A306-2D0A3EC0FE1F}"
EndProject
Project("{FAE04EC0-301F-11D3-BF4B-00C04F79EFBC}") = "VoxelEngine", "VoxelEngine\VoxelEngine.csproj", "{F698BA24-7ABD-44DA-BEA8-05B47F29BB2A}"
EndProject
Project("{FAE04EC0-301F-11D3-BF4B-00C04F79EFBC}") = "App", "App\App.csproj", "{9FBDFF74-B2CF-49F6-989C-A5EF3E8F88A8}"
EndProject
Global
	GlobalSection(SolutionConfigurationPlatforms) = preSolution
		Debug|Any CPU = Debug|Any CPU
		Debug|x64 = Debug|x64
		Debug|x86 = Debug|x86
		Release|Any CPU = Release|Any CPU
		Release|x64 = Release|x64
		Release|x86 = Release|x86
		ReleaseStrip|Any CPU = ReleaseStrip|Any CPU
		ReleaseStrip|x64 = ReleaseStrip|x64
		ReleaseStrip|x86 = ReleaseStrip|x86
		ReleaseStripNoProfiling|Any CPU = ReleaseStripNoProfiling|Any CPU
		ReleaseStripNoProfiling|x64 = ReleaseStripNoProfiling|x64
		ReleaseStripNoProfiling|x86 = ReleaseStripNoProfiling|x86
	EndGlobalSection
	GlobalSection(ProjectConfigurationPlatforms) = postSolution
		{892F0752-421A-4417-8942-B81CB6DF9C88}.Debug|Any CPU.ActiveCfg = Debug|Any CPU
		{892F0752-421A-4417-8942-B81CB6DF9C88}.Debug|Any CPU.Build.0 = Debug|Any CPU
		{892F0752-421A-4417-8942-B81CB6DF9C88}.Debug|x64.ActiveCfg = Debug|Any CPU
		{892F0752-421A-4417-8942-B81CB6DF9C88}.Debug|x64.Build.0 = Debug|Any CPU
		{892F0752-421A-4417-8942-B81CB6DF9C88}.Debug|x86.ActiveCfg = Debug|Any CPU
		{892F0752-421A-4417-8942-B81CB6DF9C88}.Debug|x86.Build.0 = Debug|Any CPU
		{892F0752-421A-4417-8942-B81CB6DF9C88}.Release|Any CPU.ActiveCfg = Release|Any CPU
		{892F0752-421A-4417-8942-B81CB6DF9C88}.Release|Any CPU.Build.0 = Release|Any CPU
		{892F0752-421A-4417-8942-B81CB6DF9C88}.Release|x64.ActiveCfg = Release|x64
		{892F0752-421A-4417-8942-B81CB6DF9C88}.Release|x64.Build.0 = Release|x64
		{892F0752-421A-4417-8942-B81CB6DF9C88}.Release|x86.ActiveCfg = Release|Any CPU
		{892F0752-421A-4417-8942-B81CB6DF9C88}.Release|x86.Build.0 = Release|Any CPU
		{892F0752-421A-4417-8942-B81CB6DF9C88}.ReleaseStrip|Any CPU.ActiveCfg = Release|Any CPU
		{892F0752-421A-4417-8942-B81CB6DF9C88}.ReleaseStrip|Any CPU.Build.0 = Release|Any CPU
		{892F0752-421A-4417-8942-B81CB6DF9C88}.ReleaseStrip|x64.ActiveCfg = Release|Any CPU
		{892F0752-421A-4417-8942-B81CB6DF9C88}.ReleaseStrip|x64.Build.0 = Release|Any CPU
		{892F0752-421A-4417-8942-B81CB6DF9C88}.ReleaseStrip|x86.ActiveCfg = Release|Any CPU
		{892F0752-421A-4417-8942-B81CB6DF9C88}.ReleaseStrip|x86.Build.0 = Release|Any CPU
		{892F0752-421A-4417-8942-B81CB6DF9C88}.ReleaseStripNoProfiling|Any CPU.ActiveCfg = Release|Any CPU
		{892F0752-421A-4417-8942-B81CB6DF9C88}.ReleaseStripNoProfiling|Any CPU.Build.0 = Release|Any CPU
		{892F0752-421A-4417-8942-B81CB6DF9C88}.ReleaseStripNoProfiling|x64.ActiveCfg = Release|Any CPU
		{892F0752-421A-4417-8942-B81CB6DF9C88}.ReleaseStripNoProfiling|x64.Build.0 = Release|Any CPU
		{892F0752-421A-4417-8942-B81CB6DF9C88}.ReleaseStripNoProfiling|x86.ActiveCfg = Release|Any CPU
		{892F0752-421A-4417-8942-B81CB6DF9C88}.ReleaseStripNoProfiling|x86.Build.0 = Release|Any CPU
		{A0C448F2-6214-4FE5-A306-2D0A3EC0FE1F}.Debug|Any CPU.ActiveCfg = Debug|Any CPU
		{A0C448F2-6214-4FE5-A306-2D0A3EC0FE1F}.Debug|Any CPU.Build.0 = Debug|Any CPU
		{A0C448F2-6214-4FE5-A306-2D0A3EC0FE1F}.Debug|x64.ActiveCfg = Debug|Any CPU
		{A0C448F2-6214-4FE5-A306-2D0A3EC0FE1F}.Debug|x64.Build.0 = Debug|Any CPU
		{A0C448F2-6214-4FE5-A306-2D0A3EC0FE1F}.Debug|x86.ActiveCfg = Debug|Any CPU
		{A0C448F2-6214-4FE5-A306-2D0A3EC0FE1F}.Debug|x86.Build.0 = Debug|Any CPU
		{A0C448F2-6214-4FE5-A306-2D0A3EC0FE1F}.Release|Any CPU.ActiveCfg = Release|Any CPU
		{A0C448F2-6214-4FE5-A306-2D0A3EC0FE1F}.Release|Any CPU.Build.0 = Release|Any CPU
		{A0C448F2-6214-4FE5-A306-2D0A3EC0FE1F}.Release|x64.ActiveCfg = Release|Any CPU
		{A0C448F2-6214-4FE5-A306-2D0A3EC0FE1F}.Release|x64.Build.0 = Release|Any CPU
		{A0C448F2-6214-4FE5-A306-2D0A3EC0FE1F}.Release|x86.ActiveCfg = Release|Any CPU
		{A0C448F2-6214-4FE5-A306-2D0A3EC0FE1F}.Release|x86.Build.0 = Release|Any CPU
		{A0C448F2-6214-4FE5-A306-2D0A3EC0FE1F}.ReleaseStrip|Any CPU.ActiveCfg = Release|Any CPU
		{A0C448F2-6214-4FE5-A306-2D0A3EC0FE1F}.ReleaseStrip|Any CPU.Build.0 = Release|Any CPU
		{A0C448F2-6214-4FE5-A306-2D0A3EC0FE1F}.ReleaseStrip|x64.ActiveCfg = Release|Any CPU
		{A0C448F2-6214-4FE5-A306-2D0A3EC0FE1F}.ReleaseStrip|x64.Build.0 = Release|Any CPU
		{A0C448F2-6214-4FE5-A306-2D0A3EC0FE1F}.ReleaseStrip|x86.ActiveCfg = Release|Any CPU
		{A0C448F2-6214-4FE5-A306-2D0A3EC0FE1F}.ReleaseStrip|x86.Build.0 = Release|Any CPU
		{A0C448F2-6214-4FE5-A306-2D0A3EC0FE1F}.ReleaseStripNoProfiling|Any CPU.ActiveCfg = Release|Any CPU
		{A0C448F2-6214-4FE5-A306-2D0A3EC0FE1F}.ReleaseStripNoProfiling|Any CPU.Build.0 = Release|Any CPU
		{A0C448F2-6214-4FE5-A306-2D0A3EC0FE1F}.ReleaseStripNoProfiling|x64.ActiveCfg = Release|Any CPU
		{A0C448F2-6214-4FE5-A306-2D0A3EC0FE1F}.ReleaseStripNoProfiling|x64.Build.0 = Release|Any CPU
		{A0C448F2-6214-4FE5-A306-2D0A3EC0FE1F}.ReleaseStripNoProfiling|x86.ActiveCfg = Release|Any CPU
		{A0C448F2-6214-4FE5-A306-2D0A3EC0FE1F}.ReleaseStripNoProfiling|x86.Build.0 = Release|Any CPU
		{F698BA24-7ABD-44DA-BEA8-05B47F29BB2A}.Debug|Any CPU.ActiveCfg = Debug|Any CPU
		{F698BA24-7ABD-44DA-BEA8-05B47F29BB2A}.Debug|Any CPU.Build.0 = Debug|Any CPU
		{F698BA24-7ABD-44DA-BEA8-05B47F29BB2A}.Debug|x64.ActiveCfg = Debug|Any CPU
		{F698BA24-7ABD-44DA-BEA8-05B47F29BB2A}.Debug|x64.Build.0 = Debug|Any CPU
		{F698BA24-7ABD-44DA-BEA8-05B47F29BB2A}.Debug|x86.ActiveCfg = Debug|Any CPU
		{F698BA24-7ABD-44DA-BEA8-05B47F29BB2A}.Debug|x86.Build.0 = Debug|Any CPU
		{F698BA24-7ABD-44DA-BEA8-05B47F29BB2A}.Release|Any CPU.ActiveCfg = Release|Any CPU
		{F698BA24-7ABD-44DA-BEA8-05B47F29BB2A}.Release|Any CPU.Build.0 = Release|Any CPU
		{F698BA24-7ABD-44DA-BEA8-05B47F29BB2A}.Release|x64.ActiveCfg = Release|Any CPU
		{F698BA24-7ABD-44DA-BEA8-05B47F29BB2A}.Release|x64.Build.0 = Release|Any CPU
		{F698BA24-7ABD-44DA-BEA8-05B47F29BB2A}.Release|x86.ActiveCfg = Release|Any CPU
		{F698BA24-7ABD-44DA-BEA8-05B47F29BB2A}.Release|x86.Build.0 = Release|Any CPU
		{F698BA24-7ABD-44DA-BEA8-05B47F29BB2A}.ReleaseStrip|Any CPU.ActiveCfg = Release|Any CPU
		{F698BA24-7ABD-44DA-BEA8-05B47F29BB2A}.ReleaseStrip|Any CPU.Build.0 = Release|Any CPU
		{F698BA24-7ABD-44DA-BEA8-05B47F29BB2A}.ReleaseStrip|x64.ActiveCfg = Release|Any CPU
		{F698BA24-7ABD-44DA-BEA8-05B47F29BB2A}.ReleaseStrip|x64.Build.0 = Release|Any CPU
		{F698BA24-7ABD-44DA-BEA8-05B47F29BB2A}.ReleaseStrip|x86.ActiveCfg = Release|Any CPU
		{F698BA24-7ABD-44DA-BEA8-05B47F29BB2A}.ReleaseStrip|x86.Build.0 = Release|Any CPU
		{F698BA24-7ABD-44DA-BEA8-05B47F29BB2A}.ReleaseStripNoProfiling|Any CPU.ActiveCfg = Release|Any CPU
		{F698BA24-7ABD-44DA-BEA8-05B47F29BB2A}.ReleaseStripNoProfiling|Any CPU.Build.0 = Release|Any CPU
		{F698BA24-7ABD-44DA-BEA8-05B47F29BB2A}.ReleaseStripNoProfiling|x64.ActiveCfg = Release|Any CPU
		{F698BA24-7ABD-44DA-BEA8-05B47F29BB2A}.ReleaseStripNoProfiling|x64.Build.0 = Release|Any CPU
		{F698BA24-7ABD-44DA-BEA8-05B47F29BB2A}.ReleaseStripNoProfiling|x86.ActiveCfg = Release|Any CPU
		{F698BA24-7ABD-44DA-BEA8-05B47F29BB2A}.ReleaseStripNoProfiling|x86.Build.0 = Release|Any CPU
		{9FBDFF74-B2CF-49F6-989C-A5EF3E8F88A8}.Debug|Any CPU.ActiveCfg = Debug|Any CPU
		{9FBDFF74-B2CF-49F6-989C-A5EF3E8F88A8}.Debug|Any CPU.Build.0 = Debug|Any CPU
		{9FBDFF74-B2CF-49F6-989C-A5EF3E8F88A8}.Debug|x64.ActiveCfg = Debug|Any CPU
		{9FBDFF74-B2CF-49F6-989C-A5EF3E8F88A8}.Debug|x64.Build.0 = Debug|Any CPU
		{9FBDFF74-B2CF-49F6-989C-A5EF3E8F88A8}.Debug|x86.ActiveCfg = Debug|Any CPU
		{9FBDFF74-B2CF-49F6-989C-A5EF3E8F88A8}.Debug|x86.Build.0 = Debug|Any CPU
		{9FBDFF74-B2CF-49F6-989C-A5EF3E8F88A8}.Release|Any CPU.ActiveCfg = Release|Any CPU
		{9FBDFF74-B2CF-49F6-989C-A5EF3E8F88A8}.Release|Any CPU.Build.0 = Release|Any CPU
		{9FBDFF74-B2CF-49F6-989C-A5EF3E8F88A8}.Release|x64.ActiveCfg = Release|Any CPU
		{9FBDFF74-B2CF-49F6-989C-A5EF3E8F88A8}.Release|x64.Build.0 = Release|Any CPU
		{9FBDFF74-B2CF-49F6-989C-A5EF3E8F88A8}.Release|x86.ActiveCfg = Release|Any CPU
		{9FBDFF74-B2CF-49F6-989C-A5EF3E8F88A8}.Release|x86.Build.0 = Release|Any CPU
		{9FBDFF74-B2CF-49F6-989C-A5EF3E8F88A8}.ReleaseStrip|Any CPU.ActiveCfg = Release|Any CPU
		{9FBDFF74-B2CF-49F6-989C-A5EF3E8F88A8}.ReleaseStrip|Any CPU.Build.0 = Release|Any CPU
		{9FBDFF74-B2CF-49F6-989C-A5EF3E8F88A8}.ReleaseStrip|x64.ActiveCfg = Release|Any CPU
		{9FBDFF74-B2CF-49F6-989C-A5EF3E8F88A8}.ReleaseStrip|x64.Build.0 = Release|Any CPU
		{9FBDFF74-B2CF-49F6-989C-A5EF3E8F88A8}.ReleaseStrip|x86.ActiveCfg = Release|Any CPU
		{9FBDFF74-B2CF-49F6-989C-A5EF3E8F88A8}.ReleaseStrip|x86.Build.0 = Release|Any CPU
		{9FBDFF74-B2CF-49F6-989C-A5EF3E8F88A8}.ReleaseStripNoProfiling|Any CPU.ActiveCfg = Release|Any CPU
		{9FBDFF74-B2CF-49F6-989C-A5EF3E8F88A8}.ReleaseStripNoProfiling|Any CPU.Build.0 = Release|Any CPU
		{9FBDFF74-B2CF-49F6-989C-A5EF3E8F88A8}.ReleaseStripNoProfiling|x64.ActiveCfg = Release|Any CPU
		{9FBDFF74-B2CF-49F6-989C-A5EF3E8F88A8}.ReleaseStripNoProfiling|x64.Build.0 = Release|Any CPU
		{9FBDFF74-B2CF-49F6-989C-A5EF3E8F88A8}.ReleaseStripNoProfiling|x86.ActiveCfg = Release|Any CPU
		{9FBDFF74-B2CF-49F6-989C-A5EF3E8F88A8}.ReleaseStripNoProfiling|x86.Build.0 = Release|Any CPU
	EndGlobalSection
	GlobalSection(SolutionProperties) = preSolution
		HideSolutionNode = FALSE
	EndGlobalSection
	GlobalSection(NestedProjects) = preSolution
		{892F0752-421A-4417-8942-B81CB6DF9C88} = {27D5C589-2DA1-46E1-B3B1-ADE98D2F226C}
	EndGlobalSection
	GlobalSection(ExtensibilityGlobals) = postSolution
		SolutionGuid = {971448B7-B149-48BD-9BDF-12039F8D5024}
	EndGlobalSection
EndGlobal
