
Microsoft Visual Studio Solution File, Format Version 12.00
# Visual Studio Version 17
VisualStudioVersion = 17.0.32014.148
MinimumVisualStudioVersion = 10.0.40219.1
Project("{9A19103F-16F7-4668-BE54-9A1E7A4F7556}") = "VoxelEngine", "VoxelEngine\VoxelEngine.csproj", "{3D2964C1-5CEC-458F-B01C-9C78D9E68B15}"
EndProject
Project("{9A19103F-16F7-4668-BE54-9A1E7A4F7556}") = "App", "App\App.csproj", "{8EDA4788-E186-4F84-BA32-93568A4F1159}"
EndProject
Project("{2150E333-8FDC-42A3-9474-1A3956D46DE8}") = "Libs", "Libs", "{2D9F9A41-A388-4257-A258-3D373200961C}"
EndProject
Project("{9A19103F-16F7-4668-BE54-9A1E7A4F7556}") = "DirectXTexNet", "DirectXTexNet\DirectXTexNet.csproj", "{3B549539-4ECB-4D73-8FF2-674BAC9AA28E}"
EndProject
Project("{2150E333-8FDC-42A3-9474-1A3956D46DE8}") = "Tools", "Tools", "{C19DEAFF-6E1C-483B-9E4F-1C6476F85DC2}"
EndProject
Project("{9A19103F-16F7-4668-BE54-9A1E7A4F7556}") = "AssetsBundler", "AssetsBundler\AssetsBundler.csproj", "{10886632-5B8D-441A-A7C0-8E64184843A8}"
EndProject
Project("{9A19103F-16F7-4668-BE54-9A1E7A4F7556}") = "FontEditor", "FontEditor\FontEditor.csproj", "{C52FC473-56C9-4A70-AF90-1C717BB98BC6}"
EndProject
Project("{9A19103F-16F7-4668-BE54-9A1E7A4F7556}") = "FontTool", "FontTool\FontTool.csproj", "{54758311-3AC2-46CF-82C4-3896E525B3CE}"
EndProject
Project("{8BC9CEB8-8B4A-11D0-8D11-00A0C91BC942}") = "DirectXTexNetImpl", "DirectXTexNetImpl\DirectXTexNetImpl.vcxproj", "{C92A44E6-5563-46A5-83A7-EB700EB75A8D}"
EndProject
Global
	GlobalSection(SolutionConfigurationPlatforms) = preSolution
		Debug|Any CPU = Debug|Any CPU
		Debug|x64 = Debug|x64
		Debug|x86 = Debug|x86
		Release|Any CPU = Release|Any CPU
		Release|x64 = Release|x64
		Release|x86 = Release|x86
	EndGlobalSection
	GlobalSection(ProjectConfigurationPlatforms) = postSolution
		{3D2964C1-5CEC-458F-B01C-9C78D9E68B15}.Debug|Any CPU.ActiveCfg = Debug|Any CPU
		{3D2964C1-5CEC-458F-B01C-9C78D9E68B15}.Debug|Any CPU.Build.0 = Debug|Any CPU
		{3D2964C1-5CEC-458F-B01C-9C78D9E68B15}.Debug|x64.ActiveCfg = Debug|x64
		{3D2964C1-5CEC-458F-B01C-9C78D9E68B15}.Debug|x64.Build.0 = Debug|x64
		{3D2964C1-5CEC-458F-B01C-9C78D9E68B15}.Debug|x86.ActiveCfg = Debug|Any CPU
		{3D2964C1-5CEC-458F-B01C-9C78D9E68B15}.Debug|x86.Build.0 = Debug|Any CPU
		{3D2964C1-5CEC-458F-B01C-9C78D9E68B15}.Release|Any CPU.ActiveCfg = Release|Any CPU
		{3D2964C1-5CEC-458F-B01C-9C78D9E68B15}.Release|Any CPU.Build.0 = Release|Any CPU
		{3D2964C1-5CEC-458F-B01C-9C78D9E68B15}.Release|x64.ActiveCfg = Release|Any CPU
		{3D2964C1-5CEC-458F-B01C-9C78D9E68B15}.Release|x64.Build.0 = Release|Any CPU
		{3D2964C1-5CEC-458F-B01C-9C78D9E68B15}.Release|x86.ActiveCfg = Release|Any CPU
		{3D2964C1-5CEC-458F-B01C-9C78D9E68B15}.Release|x86.Build.0 = Release|Any CPU
		{8EDA4788-E186-4F84-BA32-93568A4F1159}.Debug|Any CPU.ActiveCfg = Debug|Any CPU
		{8EDA4788-E186-4F84-BA32-93568A4F1159}.Debug|Any CPU.Build.0 = Debug|Any CPU
		{8EDA4788-E186-4F84-BA32-93568A4F1159}.Debug|x64.ActiveCfg = Debug|x64
		{8EDA4788-E186-4F84-BA32-93568A4F1159}.Debug|x64.Build.0 = Debug|x64
		{8EDA4788-E186-4F84-BA32-93568A4F1159}.Debug|x86.ActiveCfg = Debug|Any CPU
		{8EDA4788-E186-4F84-BA32-93568A4F1159}.Debug|x86.Build.0 = Debug|Any CPU
		{8EDA4788-E186-4F84-BA32-93568A4F1159}.Release|Any CPU.ActiveCfg = Release|Any CPU
		{8EDA4788-E186-4F84-BA32-93568A4F1159}.Release|Any CPU.Build.0 = Release|Any CPU
		{8EDA4788-E186-4F84-BA32-93568A4F1159}.Release|x64.ActiveCfg = Release|Any CPU
		{8EDA4788-E186-4F84-BA32-93568A4F1159}.Release|x64.Build.0 = Release|Any CPU
		{8EDA4788-E186-4F84-BA32-93568A4F1159}.Release|x86.ActiveCfg = Release|Any CPU
		{8EDA4788-E186-4F84-BA32-93568A4F1159}.Release|x86.Build.0 = Release|Any CPU
		{3B549539-4ECB-4D73-8FF2-674BAC9AA28E}.Debug|Any CPU.ActiveCfg = Debug|Any CPU
		{3B549539-4ECB-4D73-8FF2-674BAC9AA28E}.Debug|Any CPU.Build.0 = Debug|Any CPU
		{3B549539-4ECB-4D73-8FF2-674BAC9AA28E}.Debug|x64.ActiveCfg = Debug|x64
		{3B549539-4ECB-4D73-8FF2-674BAC9AA28E}.Debug|x64.Build.0 = Debug|x64
		{3B549539-4ECB-4D73-8FF2-674BAC9AA28E}.Debug|x86.ActiveCfg = Debug|Any CPU
		{3B549539-4ECB-4D73-8FF2-674BAC9AA28E}.Debug|x86.Build.0 = Debug|Any CPU
		{3B549539-4ECB-4D73-8FF2-674BAC9AA28E}.Release|Any CPU.ActiveCfg = Release|Any CPU
		{3B549539-4ECB-4D73-8FF2-674BAC9AA28E}.Release|Any CPU.Build.0 = Release|Any CPU
		{3B549539-4ECB-4D73-8FF2-674BAC9AA28E}.Release|x64.ActiveCfg = Release|Any CPU
		{3B549539-4ECB-4D73-8FF2-674BAC9AA28E}.Release|x64.Build.0 = Release|Any CPU
		{3B549539-4ECB-4D73-8FF2-674BAC9AA28E}.Release|x86.ActiveCfg = Release|Any CPU
		{3B549539-4ECB-4D73-8FF2-674BAC9AA28E}.Release|x86.Build.0 = Release|Any CPU
		{10886632-5B8D-441A-A7C0-8E64184843A8}.Debug|Any CPU.ActiveCfg = Debug|Any CPU
		{10886632-5B8D-441A-A7C0-8E64184843A8}.Debug|Any CPU.Build.0 = Debug|Any CPU
		{10886632-5B8D-441A-A7C0-8E64184843A8}.Debug|x64.ActiveCfg = Debug|Any CPU
		{10886632-5B8D-441A-A7C0-8E64184843A8}.Debug|x64.Build.0 = Debug|Any CPU
		{10886632-5B8D-441A-A7C0-8E64184843A8}.Debug|x86.ActiveCfg = Debug|Any CPU
		{10886632-5B8D-441A-A7C0-8E64184843A8}.Debug|x86.Build.0 = Debug|Any CPU
		{10886632-5B8D-441A-A7C0-8E64184843A8}.Release|Any CPU.ActiveCfg = Release|Any CPU
		{10886632-5B8D-441A-A7C0-8E64184843A8}.Release|Any CPU.Build.0 = Release|Any CPU
		{10886632-5B8D-441A-A7C0-8E64184843A8}.Release|x64.ActiveCfg = Release|Any CPU
		{10886632-5B8D-441A-A7C0-8E64184843A8}.Release|x64.Build.0 = Release|Any CPU
		{10886632-5B8D-441A-A7C0-8E64184843A8}.Release|x86.ActiveCfg = Release|Any CPU
		{10886632-5B8D-441A-A7C0-8E64184843A8}.Release|x86.Build.0 = Release|Any CPU
		{C52FC473-56C9-4A70-AF90-1C717BB98BC6}.Debug|Any CPU.ActiveCfg = Debug|Any CPU
		{C52FC473-56C9-4A70-AF90-1C717BB98BC6}.Debug|Any CPU.Build.0 = Debug|Any CPU
		{C52FC473-56C9-4A70-AF90-1C717BB98BC6}.Debug|x64.ActiveCfg = Debug|Any CPU
		{C52FC473-56C9-4A70-AF90-1C717BB98BC6}.Debug|x64.Build.0 = Debug|Any CPU
		{C52FC473-56C9-4A70-AF90-1C717BB98BC6}.Debug|x86.ActiveCfg = Debug|Any CPU
		{C52FC473-56C9-4A70-AF90-1C717BB98BC6}.Debug|x86.Build.0 = Debug|Any CPU
		{C52FC473-56C9-4A70-AF90-1C717BB98BC6}.Release|Any CPU.ActiveCfg = Release|Any CPU
		{C52FC473-56C9-4A70-AF90-1C717BB98BC6}.Release|Any CPU.Build.0 = Release|Any CPU
		{C52FC473-56C9-4A70-AF90-1C717BB98BC6}.Release|x64.ActiveCfg = Release|Any CPU
		{C52FC473-56C9-4A70-AF90-1C717BB98BC6}.Release|x64.Build.0 = Release|Any CPU
		{C52FC473-56C9-4A70-AF90-1C717BB98BC6}.Release|x86.ActiveCfg = Release|Any CPU
		{C52FC473-56C9-4A70-AF90-1C717BB98BC6}.Release|x86.Build.0 = Release|Any CPU
		{54758311-3AC2-46CF-82C4-3896E525B3CE}.Debug|Any CPU.ActiveCfg = Debug|Any CPU
		{54758311-3AC2-46CF-82C4-3896E525B3CE}.Debug|Any CPU.Build.0 = Debug|Any CPU
		{54758311-3AC2-46CF-82C4-3896E525B3CE}.Debug|x64.ActiveCfg = Debug|Any CPU
		{54758311-3AC2-46CF-82C4-3896E525B3CE}.Debug|x64.Build.0 = Debug|Any CPU
		{54758311-3AC2-46CF-82C4-3896E525B3CE}.Debug|x86.ActiveCfg = Debug|Any CPU
		{54758311-3AC2-46CF-82C4-3896E525B3CE}.Debug|x86.Build.0 = Debug|Any CPU
		{54758311-3AC2-46CF-82C4-3896E525B3CE}.Release|Any CPU.ActiveCfg = Release|Any CPU
		{54758311-3AC2-46CF-82C4-3896E525B3CE}.Release|Any CPU.Build.0 = Release|Any CPU
		{54758311-3AC2-46CF-82C4-3896E525B3CE}.Release|x64.ActiveCfg = Release|Any CPU
		{54758311-3AC2-46CF-82C4-3896E525B3CE}.Release|x64.Build.0 = Release|Any CPU
		{54758311-3AC2-46CF-82C4-3896E525B3CE}.Release|x86.ActiveCfg = Release|Any CPU
		{54758311-3AC2-46CF-82C4-3896E525B3CE}.Release|x86.Build.0 = Release|Any CPU
		{C92A44E6-5563-46A5-83A7-EB700EB75A8D}.Debug|Any CPU.ActiveCfg = Debug|x64
		{C92A44E6-5563-46A5-83A7-EB700EB75A8D}.Debug|Any CPU.Build.0 = Debug|x64
		{C92A44E6-5563-46A5-83A7-EB700EB75A8D}.Debug|x64.ActiveCfg = Debug|x64
		{C92A44E6-5563-46A5-83A7-EB700EB75A8D}.Debug|x64.Build.0 = Debug|x64
		{C92A44E6-5563-46A5-83A7-EB700EB75A8D}.Debug|x86.ActiveCfg = Debug|Win32
		{C92A44E6-5563-46A5-83A7-EB700EB75A8D}.Debug|x86.Build.0 = Debug|Win32
		{C92A44E6-5563-46A5-83A7-EB700EB75A8D}.Release|Any CPU.ActiveCfg = Release|x64
		{C92A44E6-5563-46A5-83A7-EB700EB75A8D}.Release|Any CPU.Build.0 = Release|x64
		{C92A44E6-5563-46A5-83A7-EB700EB75A8D}.Release|x64.ActiveCfg = Release|x64
		{C92A44E6-5563-46A5-83A7-EB700EB75A8D}.Release|x64.Build.0 = Release|x64
		{C92A44E6-5563-46A5-83A7-EB700EB75A8D}.Release|x86.ActiveCfg = Release|Win32
		{C92A44E6-5563-46A5-83A7-EB700EB75A8D}.Release|x86.Build.0 = Release|Win32
	EndGlobalSection
	GlobalSection(SolutionProperties) = preSolution
		HideSolutionNode = FALSE
	EndGlobalSection
	GlobalSection(NestedProjects) = preSolution
		{3B549539-4ECB-4D73-8FF2-674BAC9AA28E} = {2D9F9A41-A388-4257-A258-3D373200961C}
		{10886632-5B8D-441A-A7C0-8E64184843A8} = {C19DEAFF-6E1C-483B-9E4F-1C6476F85DC2}
		{C52FC473-56C9-4A70-AF90-1C717BB98BC6} = {C19DEAFF-6E1C-483B-9E4F-1C6476F85DC2}
		{54758311-3AC2-46CF-82C4-3896E525B3CE} = {C19DEAFF-6E1C-483B-9E4F-1C6476F85DC2}
		{C92A44E6-5563-46A5-83A7-EB700EB75A8D} = {2D9F9A41-A388-4257-A258-3D373200961C}
	EndGlobalSection
	GlobalSection(ExtensibilityGlobals) = postSolution
		SolutionGuid = {7B4773EA-7AA2-438C-9CC4-E624B0DD4F62}
	EndGlobalSection
EndGlobal
